
Microsoft Visual Studio Solution File, Format Version 12.00
# Visual Studio 14
VisualStudioVersion = 14.0.24720.0
MinimumVisualStudioVersion = 10.0.40219.1
Project("{FAE04EC0-301F-11D3-BF4B-00C04F79EFBC}") = "Air Conditioner Testing System", "Air Conditioner Testing System\Air Conditioner Testing System.csproj", "{71CA4D7C-984D-4701-BE7B-6743A2229B8D}"
EndProject
Project("{FAE04EC0-301F-11D3-BF4B-00C04F79EFBC}") = "Air Conditioner Testing System.Test", "Air Conditioner Testing System.Test\Air Conditioner Testing System.Test.csproj", "{EA64FF53-763A-4BFF-9273-3D07B4FBD9CF}"
EndProject
Global
	GlobalSection(SolutionConfigurationPlatforms) = preSolution
		Debug|Any CPU = Debug|Any CPU
		Release|Any CPU = Release|Any CPU
	EndGlobalSection
	GlobalSection(ProjectConfigurationPlatforms) = postSolution
		{71CA4D7C-984D-4701-BE7B-6743A2229B8D}.Debug|Any CPU.ActiveCfg = Debug|Any CPU
		{71CA4D7C-984D-4701-BE7B-6743A2229B8D}.Debug|Any CPU.Build.0 = Debug|Any CPU
		{71CA4D7C-984D-4701-BE7B-6743A2229B8D}.Release|Any CPU.ActiveCfg = Release|Any CPU
		{71CA4D7C-984D-4701-BE7B-6743A2229B8D}.Release|Any CPU.Build.0 = Release|Any CPU
		{EA64FF53-763A-4BFF-9273-3D07B4FBD9CF}.Debug|Any CPU.ActiveCfg = Debug|Any CPU
		{EA64FF53-763A-4BFF-9273-3D07B4FBD9CF}.Debug|Any CPU.Build.0 = Debug|Any CPU
		{EA64FF53-763A-4BFF-9273-3D07B4FBD9CF}.Release|Any CPU.ActiveCfg = Release|Any CPU
		{EA64FF53-763A-4BFF-9273-3D07B4FBD9CF}.Release|Any CPU.Build.0 = Release|Any CPU
	EndGlobalSection
	GlobalSection(SolutionProperties) = preSolution
		HideSolutionNode = FALSE
	EndGlobalSection
EndGlobal
