
Microsoft Visual Studio Solution File, Format Version 12.00
# Visual Studio 14
VisualStudioVersion = 14.0.24720.0
MinimumVisualStudioVersion = 10.0.40219.1
Project("{FAE04EC0-301F-11D3-BF4B-00C04F79EFBC}") = "01.Plus Remove", "01.Plus Remove\01.Plus Remove.csproj", "{3494B8CD-1A79-4AD4-8107-1F71D2C99744}"
EndProject
Project("{FAE04EC0-301F-11D3-BF4B-00C04F79EFBC}") = "02. String Matrix Rotation", "02. String Matrix Rotation\02. String Matrix Rotation.csproj", "{B0EED0E6-097F-444C-9DA4-75189569D198}"
EndProject
Project("{FAE04EC0-301F-11D3-BF4B-00C04F79EFBC}") = "03.Extract Hyperlinks", "03.Extract Hyperlinks\03.Extract Hyperlinks.csproj", "{7446ADE5-DE95-426C-B08B-370960ABA18A}"
EndProject
Project("{FAE04EC0-301F-11D3-BF4B-00C04F79EFBC}") = "03.Extract Hyperlinks2", "03.Extract Hyperlinks2\03.Extract Hyperlinks2.csproj", "{CB14E3B7-58B0-4EAC-8050-0805BBC10987}"
EndProject
Project("{FAE04EC0-301F-11D3-BF4B-00C04F79EFBC}") = "04.QueryMess", "04.QueryMess\04.QueryMess.csproj", "{6575396D-12DD-4720-9543-51CBF535A3F9}"
EndProject
Project("{FAE04EC0-301F-11D3-BF4B-00C04F79EFBC}") = "05.Semantic HTML", "05.Semantic HTML\05.Semantic HTML.csproj", "{85078D49-ED1B-4916-BA20-BF2F8B114403}"
EndProject
Project("{FAE04EC0-301F-11D3-BF4B-00C04F79EFBC}") = "06.X Removal", "06.X Removal\06.X Removal.csproj", "{C9733108-73C4-4A75-ACC3-1C5E2048CCB1}"
EndProject
Project("{FAE04EC0-301F-11D3-BF4B-00C04F79EFBC}") = "06.X Removal2", "06.X Removal2\06.X Removal2.csproj", "{65E8F8DB-E704-4ACC-A7A1-0FF139AA1F32}"
EndProject
Project("{FAE04EC0-301F-11D3-BF4B-00C04F79EFBC}") = "07.Vladko's Notebook", "07.Vladko's Notebook\07.Vladko's Notebook.csproj", "{C6FCD3D7-94FE-4DB5-9F5E-89525026C336}"
EndProject
Project("{FAE04EC0-301F-11D3-BF4B-00C04F79EFBC}") = "08.Text Gravity", "08.Text Gravity\08.Text Gravity.csproj", "{42270CA1-5095-40E7-9ED6-2F4D11DB4B50}"
EndProject
Project("{FAE04EC0-301F-11D3-BF4B-00C04F79EFBC}") = "09.Uppercase Words", "09.Uppercase Words\09.Uppercase Words.csproj", "{C7D49CCD-B20C-4452-B3E8-B07B69379F28}"
EndProject
Project("{FAE04EC0-301F-11D3-BF4B-00C04F79EFBC}") = "10.Clearing Commands", "10.Clearing Commands\10.Clearing Commands.csproj", "{E531387E-ABD5-46F7-8277-ED4413913512}"
EndProject
Project("{FAE04EC0-301F-11D3-BF4B-00C04F79EFBC}") = "11.Little John", "11.Little John\11.Little John.csproj", "{37E8D0FE-5E9F-4CC3-A1D3-EB9ECF85FE83}"
EndProject
Project("{FAE04EC0-301F-11D3-BF4B-00C04F79EFBC}") = "12.PhoneNumbers", "12.PhoneNumbers\12.PhoneNumbers.csproj", "{DA8A9B3D-7327-43C2-A031-473CAA2C20F6}"
EndProject
Project("{FAE04EC0-301F-11D3-BF4B-00C04F79EFBC}") = "13.Sum of All Values", "13.Sum of All Values\13.Sum of All Values.csproj", "{95411599-9C0D-4B94-85BA-8590A0D71720}"
EndProject
Project("{FAE04EC0-301F-11D3-BF4B-00C04F79EFBC}") = "14.Matrix Shuffle", "14.Matrix Shuffle\14.Matrix Shuffle.csproj", "{81C788E7-463F-45DA-8707-BC492C8354D2}"
EndProject
Project("{FAE04EC0-301F-11D3-BF4B-00C04F79EFBC}") = "15.The Numberss", "15.The Numberss\15.The Numberss.csproj", "{41AB966D-0F3A-404D-9911-40E1D3FD996F}"
EndProject
Project("{FAE04EC0-301F-11D3-BF4B-00C04F79EFBC}") = "16.Parachute", "16.Parachute\16.Parachute.csproj", "{346B5B32-54A9-4CC9-A79A-73AFDDBDA610}"
EndProject
Project("{FAE04EC0-301F-11D3-BF4B-00C04F79EFBC}") = "16.Parachute2", "16.Parashute2\16.Parachute2.csproj", "{9FC0B913-4C16-49F6-A474-47BC963164EB}"
EndProject
Project("{FAE04EC0-301F-11D3-BF4B-00C04F79EFBC}") = "17.Biggest Table Row", "17.Biggest Table Row\17.Biggest Table Row.csproj", "{CC4DEC18-73E3-4D22-BD4A-DAFF5546AD71}"
EndProject
Project("{FAE04EC0-301F-11D3-BF4B-00C04F79EFBC}") = "18.PIN Validation", "18.PIN Validation\18.PIN Validation.csproj", "{3210AD21-C0BA-4268-8C70-01F621BCE526}"
EndProject
Project("{FAE04EC0-301F-11D3-BF4B-00C04F79EFBC}") = "18.PIN Validation2", "18.PIN Validation2\18.PIN Validation2.csproj", "{C128BB3F-D19B-4FCA-B15F-634E3ED59664}"
EndProject
Project("{FAE04EC0-301F-11D3-BF4B-00C04F79EFBC}") = "19.Chat Logger", "19.Chat Logger\19.Chat Logger.csproj", "{5703C3F0-C975-4564-A814-1531B23CBF0B}"
EndProject
Project("{FAE04EC0-301F-11D3-BF4B-00C04F79EFBC}") = "19.ChatLogger2", "19.ChatLogger2\19.ChatLogger2.csproj", "{BF68BE63-2068-40A8-8F78-ABB0BFB0A1B1}"
EndProject
Project("{FAE04EC0-301F-11D3-BF4B-00C04F79EFBC}") = "20.  Oh, My Girl!", "20.  Oh, My Girl!\20.  Oh, My Girl!.csproj", "{AD7A6EC0-4309-4CA0-A900-EEBB4EED5E49}"
EndProject
Project("{FAE04EC0-301F-11D3-BF4B-00C04F79EFBC}") = "21.  IT Village", "21.  IT Village\21.  IT Village.csproj", "{F703FB5A-4B35-4ADC-98CA-AACC56B3FF4C}"
EndProject
Project("{FAE04EC0-301F-11D3-BF4B-00C04F79EFBC}") = "41.Command Interpreter", "41.Command Interpreter\41.Command Interpreter.csproj", "{A562F2D3-2F3A-4A45-9091-B4E81D033102}"
EndProject
Project("{FAE04EC0-301F-11D3-BF4B-00C04F79EFBC}") = "42. Target Practice", "02. Target Practice\42. Target Practice.csproj", "{AD36D1FA-295C-4E65-9684-3D97484C50C2}"
EndProject
Project("{FAE04EC0-301F-11D3-BF4B-00C04F79EFBC}") = "43.Text Transformer", "43.Text Transformer\43.Text Transformer.csproj", "{7C8BDF40-F70C-4DDE-8745-AE9DE8E08817}"
EndProject
Project("{FAE04EC0-301F-11D3-BF4B-00C04F79EFBC}") = "44.Olympics Are Coming", "44.Olympics Are Coming\44.Olympics Are Coming.csproj", "{C30BF3A1-6A1E-4149-A89F-EA929F1A16D4}"
EndProject
Project("{FAE04EC0-301F-11D3-BF4B-00C04F79EFBC}") = "51. Bunker Buster", "51. Bunker Buster\51. Bunker Buster.csproj", "{C70C450F-96DD-4268-99A3-A6F2888D199E}"
EndProject
Project("{FAE04EC0-301F-11D3-BF4B-00C04F79EFBC}") = "51. Bunker Buster 2", "51. Bunker Buster 2\51. Bunker Buster 2.csproj", "{9589714F-8C4D-442E-BC20-95EB823D171C}"
EndProject
Project("{FAE04EC0-301F-11D3-BF4B-00C04F79EFBC}") = "52.Array Slider", "52.Array Slider\52.Array Slider.csproj", "{487835D0-5A20-41D9-A9C1-57CFAC3ACA90}"
EndProject
Project("{FAE04EC0-301F-11D3-BF4B-00C04F79EFBC}") = "53. Rage Quit", "53. Rage Quit\53. Rage Quit.csproj", "{AFE70D0C-ED1A-41E5-994C-8114E6C7227D}"
EndProject
Project("{FAE04EC0-301F-11D3-BF4B-00C04F79EFBC}") = "54.Population Counter", "54.Population Counter\54.Population Counter.csproj", "{454596D7-9F44-4A62-928E-71F05CAB50DF}"
EndProject
Project("{FAE04EC0-301F-11D3-BF4B-00C04F79EFBC}") = "23.Lego Blocks", "22.Lego Blocks\23.Lego Blocks.csproj", "{EF16C92D-D7AE-410B-A5BB-06648FE9B0A6}"
EndProject
Project("{FAE04EC0-301F-11D3-BF4B-00C04F79EFBC}") = "38.Labyrinth Dash", "23.Labyrinth Dash\38.Labyrinth Dash.csproj", "{50758804-A416-441F-8409-B3BE8BE7C578}"
EndProject
Project("{FAE04EC0-301F-11D3-BF4B-00C04F79EFBC}") = "25.Stuck Numbers", "24.Stuck Numbers\25.Stuck Numbers.csproj", "{72E61229-D996-45B7-8B32-B3563CE2E643}"
EndProject
Project("{FAE04EC0-301F-11D3-BF4B-00C04F79EFBC}") = "46.Pythagorean Numbers", "25.Pythagorean Numbers\46.Pythagorean Numbers.csproj", "{09D57FF2-4542-4EFA-9894-E3B22C826F21}"
EndProject
Project("{FAE04EC0-301F-11D3-BF4B-00C04F79EFBC}") = "22.Letters Change Numbers", "26.Letters Change Numbers\22.Letters Change Numbers.csproj", "{06F5F739-F261-44D6-9923-5573E35796B8}"
EndProject
Project("{FAE04EC0-301F-11D3-BF4B-00C04F79EFBC}") = "63.To The Stars", "27.To The Stars\63.To The Stars.csproj", "{72DC687F-BF21-4543-9CBF-EC1BB8A2966B}"
EndProject
Project("{FAE04EC0-301F-11D3-BF4B-00C04F79EFBC}") = "30.Terrorists Win", "28.Terrorists Win\30.Terrorists Win.csproj", "{DA7E6B59-9AD3-4AC8-860E-BBFA9034F5D8}"
EndProject
Project("{FAE04EC0-301F-11D3-BF4B-00C04F79EFBC}") = "56.Use Your Chains Buddy", "29.Join Lists\56.Use Your Chains Buddy.csproj", "{C0AB3A9B-D64D-4E53-ADC9-135B2CB72BB2}"
EndProject
Project("{FAE04EC0-301F-11D3-BF4B-00C04F79EFBC}") = "48.Couples Frequency", "30.Couples Frequency\48.Couples Frequency.csproj", "{3411C787-B99B-4EAB-BEB3-7065EC1FF7BC}"
EndProject
Project("{FAE04EC0-301F-11D3-BF4B-00C04F79EFBC}") = "32.School System", "31.School System\32.School System.csproj", "{8617B9D3-8CD0-457D-9130-45B6DBD5207A}"
EndProject
Project("{FAE04EC0-301F-11D3-BF4B-00C04F79EFBC}") = "59.Office Stuff", "31.OfficeStuff\59.Office Stuff.csproj", "{D5349C2D-6EFC-4358-B9DF-8609C69E954D}"
EndProject
Project("{FAE04EC0-301F-11D3-BF4B-00C04F79EFBC}") = "60.Activity Tracker", "33.Activity Tracker\60.Activity Tracker.csproj", "{E352FD98-762D-4256-9A58-2542644E5225}"
EndProject
Project("{FAE04EC0-301F-11D3-BF4B-00C04F79EFBC}") = "29. Pyramid", "34. Pyramid\29. Pyramid.csproj", "{C4CFE93D-770E-4CA5-8842-78FC819AB7AE}"
EndProject
Project("{FAE04EC0-301F-11D3-BF4B-00C04F79EFBC}") = "21. Gandalfs Stash", "35. Gandalfs Stash\21. Gandalfs Stash.csproj", "{C6A36736-774B-4E56-9893-1E8CF7AB1DE8}"
EndProject
Project("{FAE04EC0-301F-11D3-BF4B-00C04F79EFBC}") = "36.Enigma", "36.Enigma\36.Enigma.csproj", "{F9075A15-FEB6-4E3B-A3FE-B1228FA0CB27}"
EndProject
Project("{FAE04EC0-301F-11D3-BF4B-00C04F79EFBC}") = "44.Olympics Are Comming2", "44.OlympicsAreComming2\44.Olympics Are Comming2.csproj", "{DD295711-2714-40BD-97B0-45A474BE01AE}"
EndProject
Project("{FAE04EC0-301F-11D3-BF4B-00C04F79EFBC}") = "08.Text Gravity2", "08.Text Gravity2\08.Text Gravity2.csproj", "{7A43CC41-269C-4A74-B1E2-93773EA8A5ED}"
EndProject
Project("{FAE04EC0-301F-11D3-BF4B-00C04F79EFBC}") = "01.Array Manipulator", "01.Array Manipulator\01.Array Manipulator.csproj", "{DED168A1-EEC5-49F7-9CD5-DA0603CD231A}"
EndProject
Project("{FAE04EC0-301F-11D3-BF4B-00C04F79EFBC}") = "02.Radioactive Mutant Vampire Bunnies", "02.Radioactive Mutant Vampire Bunnies\02.Radioactive Mutant Vampire Bunnies.csproj", "{319D3ACF-BE80-4F05-A5C6-45DE3D5B8FC3}"
EndProject
Project("{FAE04EC0-301F-11D3-BF4B-00C04F79EFBC}") = "03.Shmoogle Counter", "03.Shmoogle Counter\03.Shmoogle Counter.csproj", "{6031F0D6-F860-433E-9925-BDF6824A5BBA}"
EndProject
Project("{FAE04EC0-301F-11D3-BF4B-00C04F79EFBC}") = "04.Сръбско Unleashed", "04.Сръбско Unleashed\04.Сръбско Unleashed.csproj", "{2BBBBAA7-5008-415A-A6A5-EC8BD165BC2C}"
EndProject
Project("{FAE04EC0-301F-11D3-BF4B-00C04F79EFBC}") = "01.SoftUni Palatka Conf", "01.SoftUni Palatka Conf\01.SoftUni Palatka Conf.csproj", "{3DF8202C-1E77-46CB-80AA-E81D7205170C}"
EndProject
Project("{FAE04EC0-301F-11D3-BF4B-00C04F79EFBC}") = "02.SoftUni Defense System™", "02.SoftUni Defense System™\02.SoftUni Defense System™.csproj", "{6B1FD2F3-E745-4580-AABD-CB2F97E69034}"
EndProject
Project("{FAE04EC0-301F-11D3-BF4B-00C04F79EFBC}") = "03.Rubik’s Matrix", "03.Rubik’s Matrix\03.Rubik’s Matrix.csproj", "{D35475A9-48B8-47B8-BC36-EB50FD474AF4}"
EndProject
Project("{FAE04EC0-301F-11D3-BF4B-00C04F79EFBC}") = "03.Rage Quit", "03.Rage Quit\03.Rage Quit.csproj", "{A5DD3706-C38B-45DD-983F-3979717FB994}"
EndProject
Project("{FAE04EC0-301F-11D3-BF4B-00C04F79EFBC}") = "04.Population Counter", "04.Population Counter\04.Population Counter.csproj", "{BA04CAF3-7316-4752-8366-A7F298F5D6F5}"
EndProject
Project("{FAE04EC0-301F-11D3-BF4B-00C04F79EFBC}") = "41.Command Interpreter2", "01.CommandInterpreter\41.Command Interpreter2.csproj", "{978436E4-D13A-4D78-A68B-6B9FCC9B24BB}"
EndProject
Project("{FAE04EC0-301F-11D3-BF4B-00C04F79EFBC}") = "01.A1", "01.А\01.A1.csproj", "{86256CC2-7ABD-4374-AA25-93A45393672A}"
EndProject
Project("{FAE04EC0-301F-11D3-BF4B-00C04F79EFBC}") = "37.Magic Card", "37.Magic Card\37.Magic Card.csproj", "{E70C28A9-CE10-470F-9E0F-01A7C9D87494}"
EndProject
Project("{FAE04EC0-301F-11D3-BF4B-00C04F79EFBC}") = "39.Weightlifting", "38.Weightlifting\39.Weightlifting.csproj", "{C4772864-3948-4115-9D03-C03EC67B9D80}"
EndProject
Project("{FAE04EC0-301F-11D3-BF4B-00C04F79EFBC}") = "24.User Logs", "24.User Logs\24.User Logs.csproj", "{510FC1CE-DB7E-4687-80E5-7E2BCD5D5506}"
EndProject
Project("{FAE04EC0-301F-11D3-BF4B-00C04F79EFBC}") = "25.Stuck Numbers2", "25.Stuck Numbers2\25.Stuck Numbers2.csproj", "{6FA9F1FA-E8CE-43C3-BEA8-28CB4B9AA2EE}"
EndProject
Project("{FAE04EC0-301F-11D3-BF4B-00C04F79EFBC}") = "26.Sum Cards", "26.Sum Cards\26.Sum Cards.csproj", "{F567CD05-C90F-4411-8CE5-30AAF739A604}"
EndProject
Project("{FAE04EC0-301F-11D3-BF4B-00C04F79EFBC}") = "27.Simple Expression", "27.Simple Expression\27.Simple Expression.csproj", "{9FAB4764-E9DD-4674-B4E5-7FC7B7A409C1}"
EndProject
Project("{FAE04EC0-301F-11D3-BF4B-00C04F79EFBC}") = "28.Logs Aggregator", "28.Logs Aggregator\28.Logs Aggregator.csproj", "{10E4B21C-9F1C-435F-9A3F-A99D2B7230D4}"
EndProject
Project("{FAE04EC0-301F-11D3-BF4B-00C04F79EFBC}") = "45.Video Durations", "45. Pythagorean Numbers\45.Video Durations.csproj", "{4B25CC3C-906E-42EF-8B29-C199A38A4A18}"
EndProject
Project("{FAE04EC0-301F-11D3-BF4B-00C04F79EFBC}") = "47.Largest 3 Rectangles", "47.Largest 3 Rectangles\47.Largest 3 Rectangles.csproj", "{E3629B81-2645-4853-82F3-C239AEFDF85E}"
EndProject
Project("{FAE04EC0-301F-11D3-BF4B-00C04F79EFBC}") = "31.Fire the Arrows", "31.Fire the Arrows\31.Fire the Arrows.csproj", "{F60BC54D-90BC-4036-90A7-3FC383C19B7C}"
EndProject
Project("{FAE04EC0-301F-11D3-BF4B-00C04F79EFBC}") = "61.Keep The Change", "61.Keep The Change\61.Keep The Change.csproj", "{8F500C96-0F36-4A08-B07B-0B1DBE0E46D0}"
EndProject
Project("{FAE04EC0-301F-11D3-BF4B-00C04F79EFBC}") = "62.The Numbers", "62.The Numbers\62.The Numbers.csproj", "{DB24514B-ED8C-4C2F-B53D-915368F709F2}"
EndProject
Project("{FAE04EC0-301F-11D3-BF4B-00C04F79EFBC}") = "64.Cloud Manager", "64.Cloud Manager\64.Cloud Manager.csproj", "{99A6C529-8C04-4D53-A26C-CD1D3B787E5B}"
EndProject
Project("{FAE04EC0-301F-11D3-BF4B-00C04F79EFBC}") = "39.Weightlifting2", "39.Weightlifting2\39.Weightlifting2.csproj", "{2BDE0EC9-8CE6-4014-AA9F-6F79B9E845F6}"
EndProject
Project("{FAE04EC0-301F-11D3-BF4B-00C04F79EFBC}") = "57.Valid Usernames", "57.Valid Usernames\57.Valid Usernames.csproj", "{9D07D21B-BE6E-42CC-BD89-42BE8BC85822}"
EndProject
Project("{FAE04EC0-301F-11D3-BF4B-00C04F79EFBC}") = "14.Matrix Shuffle2", "14.Matrix Shuffle2\14.Matrix Shuffle2.csproj", "{F267A2A8-3A88-40BF-87E2-528A12E8FD40}"
EndProject
Project("{FAE04EC0-301F-11D3-BF4B-00C04F79EFBC}") = "01.Array Manipulator2", "01.ArrayManipulator2\01.Array Manipulator2.csproj", "{8E061EE1-E782-4182-953D-399C5F639BDF}"
EndProject
Project("{FAE04EC0-301F-11D3-BF4B-00C04F79EFBC}") = "01.Array Manipulator3", "01.Array Manipulator3\01.Array Manipulator3.csproj", "{3DF15AAC-4ED0-4049-9FCB-7ACB5BD94CE9}"
EndProject
Project("{FAE04EC0-301F-11D3-BF4B-00C04F79EFBC}") = "01.A2", "01.AA\01.A2.csproj", "{D1EFE9B8-89DD-4684-A2B0-DE39B1176A23}"
EndProject
Project("{FAE04EC0-301F-11D3-BF4B-00C04F79EFBC}") = "01.A3", "01.A3\01.A3.csproj", "{B3F5D791-CD1F-4C7D-8B63-49389AA44519}"
EndProject
Project("{FAE04EC0-301F-11D3-BF4B-00C04F79EFBC}") = "01.A4", "01.A4\01.A4.csproj", "{0EE678CA-AA20-4835-B562-75AA2882F276}"
EndProject
Global
	GlobalSection(SolutionConfigurationPlatforms) = preSolution
		Debug|Any CPU = Debug|Any CPU
		Release|Any CPU = Release|Any CPU
	EndGlobalSection
	GlobalSection(ProjectConfigurationPlatforms) = postSolution
		{3494B8CD-1A79-4AD4-8107-1F71D2C99744}.Debug|Any CPU.ActiveCfg = Debug|Any CPU
		{3494B8CD-1A79-4AD4-8107-1F71D2C99744}.Debug|Any CPU.Build.0 = Debug|Any CPU
		{3494B8CD-1A79-4AD4-8107-1F71D2C99744}.Release|Any CPU.ActiveCfg = Release|Any CPU
		{3494B8CD-1A79-4AD4-8107-1F71D2C99744}.Release|Any CPU.Build.0 = Release|Any CPU
		{B0EED0E6-097F-444C-9DA4-75189569D198}.Debug|Any CPU.ActiveCfg = Debug|Any CPU
		{B0EED0E6-097F-444C-9DA4-75189569D198}.Debug|Any CPU.Build.0 = Debug|Any CPU
		{B0EED0E6-097F-444C-9DA4-75189569D198}.Release|Any CPU.ActiveCfg = Release|Any CPU
		{B0EED0E6-097F-444C-9DA4-75189569D198}.Release|Any CPU.Build.0 = Release|Any CPU
		{7446ADE5-DE95-426C-B08B-370960ABA18A}.Debug|Any CPU.ActiveCfg = Debug|Any CPU
		{7446ADE5-DE95-426C-B08B-370960ABA18A}.Debug|Any CPU.Build.0 = Debug|Any CPU
		{7446ADE5-DE95-426C-B08B-370960ABA18A}.Release|Any CPU.ActiveCfg = Release|Any CPU
		{7446ADE5-DE95-426C-B08B-370960ABA18A}.Release|Any CPU.Build.0 = Release|Any CPU
		{CB14E3B7-58B0-4EAC-8050-0805BBC10987}.Debug|Any CPU.ActiveCfg = Debug|Any CPU
		{CB14E3B7-58B0-4EAC-8050-0805BBC10987}.Debug|Any CPU.Build.0 = Debug|Any CPU
		{CB14E3B7-58B0-4EAC-8050-0805BBC10987}.Release|Any CPU.ActiveCfg = Release|Any CPU
		{CB14E3B7-58B0-4EAC-8050-0805BBC10987}.Release|Any CPU.Build.0 = Release|Any CPU
		{6575396D-12DD-4720-9543-51CBF535A3F9}.Debug|Any CPU.ActiveCfg = Debug|Any CPU
		{6575396D-12DD-4720-9543-51CBF535A3F9}.Debug|Any CPU.Build.0 = Debug|Any CPU
		{6575396D-12DD-4720-9543-51CBF535A3F9}.Release|Any CPU.ActiveCfg = Release|Any CPU
		{6575396D-12DD-4720-9543-51CBF535A3F9}.Release|Any CPU.Build.0 = Release|Any CPU
		{85078D49-ED1B-4916-BA20-BF2F8B114403}.Debug|Any CPU.ActiveCfg = Debug|Any CPU
		{85078D49-ED1B-4916-BA20-BF2F8B114403}.Debug|Any CPU.Build.0 = Debug|Any CPU
		{85078D49-ED1B-4916-BA20-BF2F8B114403}.Release|Any CPU.ActiveCfg = Release|Any CPU
		{85078D49-ED1B-4916-BA20-BF2F8B114403}.Release|Any CPU.Build.0 = Release|Any CPU
		{C9733108-73C4-4A75-ACC3-1C5E2048CCB1}.Debug|Any CPU.ActiveCfg = Debug|Any CPU
		{C9733108-73C4-4A75-ACC3-1C5E2048CCB1}.Debug|Any CPU.Build.0 = Debug|Any CPU
		{C9733108-73C4-4A75-ACC3-1C5E2048CCB1}.Release|Any CPU.ActiveCfg = Release|Any CPU
		{C9733108-73C4-4A75-ACC3-1C5E2048CCB1}.Release|Any CPU.Build.0 = Release|Any CPU
		{65E8F8DB-E704-4ACC-A7A1-0FF139AA1F32}.Debug|Any CPU.ActiveCfg = Debug|Any CPU
		{65E8F8DB-E704-4ACC-A7A1-0FF139AA1F32}.Debug|Any CPU.Build.0 = Debug|Any CPU
		{65E8F8DB-E704-4ACC-A7A1-0FF139AA1F32}.Release|Any CPU.ActiveCfg = Release|Any CPU
		{65E8F8DB-E704-4ACC-A7A1-0FF139AA1F32}.Release|Any CPU.Build.0 = Release|Any CPU
		{C6FCD3D7-94FE-4DB5-9F5E-89525026C336}.Debug|Any CPU.ActiveCfg = Debug|Any CPU
		{C6FCD3D7-94FE-4DB5-9F5E-89525026C336}.Debug|Any CPU.Build.0 = Debug|Any CPU
		{C6FCD3D7-94FE-4DB5-9F5E-89525026C336}.Release|Any CPU.ActiveCfg = Release|Any CPU
		{C6FCD3D7-94FE-4DB5-9F5E-89525026C336}.Release|Any CPU.Build.0 = Release|Any CPU
		{42270CA1-5095-40E7-9ED6-2F4D11DB4B50}.Debug|Any CPU.ActiveCfg = Debug|Any CPU
		{42270CA1-5095-40E7-9ED6-2F4D11DB4B50}.Debug|Any CPU.Build.0 = Debug|Any CPU
		{42270CA1-5095-40E7-9ED6-2F4D11DB4B50}.Release|Any CPU.ActiveCfg = Release|Any CPU
		{42270CA1-5095-40E7-9ED6-2F4D11DB4B50}.Release|Any CPU.Build.0 = Release|Any CPU
		{C7D49CCD-B20C-4452-B3E8-B07B69379F28}.Debug|Any CPU.ActiveCfg = Debug|Any CPU
		{C7D49CCD-B20C-4452-B3E8-B07B69379F28}.Debug|Any CPU.Build.0 = Debug|Any CPU
		{C7D49CCD-B20C-4452-B3E8-B07B69379F28}.Release|Any CPU.ActiveCfg = Release|Any CPU
		{C7D49CCD-B20C-4452-B3E8-B07B69379F28}.Release|Any CPU.Build.0 = Release|Any CPU
		{E531387E-ABD5-46F7-8277-ED4413913512}.Debug|Any CPU.ActiveCfg = Debug|Any CPU
		{E531387E-ABD5-46F7-8277-ED4413913512}.Debug|Any CPU.Build.0 = Debug|Any CPU
		{E531387E-ABD5-46F7-8277-ED4413913512}.Release|Any CPU.ActiveCfg = Release|Any CPU
		{E531387E-ABD5-46F7-8277-ED4413913512}.Release|Any CPU.Build.0 = Release|Any CPU
		{37E8D0FE-5E9F-4CC3-A1D3-EB9ECF85FE83}.Debug|Any CPU.ActiveCfg = Debug|Any CPU
		{37E8D0FE-5E9F-4CC3-A1D3-EB9ECF85FE83}.Debug|Any CPU.Build.0 = Debug|Any CPU
		{37E8D0FE-5E9F-4CC3-A1D3-EB9ECF85FE83}.Release|Any CPU.ActiveCfg = Release|Any CPU
		{37E8D0FE-5E9F-4CC3-A1D3-EB9ECF85FE83}.Release|Any CPU.Build.0 = Release|Any CPU
		{DA8A9B3D-7327-43C2-A031-473CAA2C20F6}.Debug|Any CPU.ActiveCfg = Debug|Any CPU
		{DA8A9B3D-7327-43C2-A031-473CAA2C20F6}.Debug|Any CPU.Build.0 = Debug|Any CPU
		{DA8A9B3D-7327-43C2-A031-473CAA2C20F6}.Release|Any CPU.ActiveCfg = Release|Any CPU
		{DA8A9B3D-7327-43C2-A031-473CAA2C20F6}.Release|Any CPU.Build.0 = Release|Any CPU
		{95411599-9C0D-4B94-85BA-8590A0D71720}.Debug|Any CPU.ActiveCfg = Debug|Any CPU
		{95411599-9C0D-4B94-85BA-8590A0D71720}.Debug|Any CPU.Build.0 = Debug|Any CPU
		{95411599-9C0D-4B94-85BA-8590A0D71720}.Release|Any CPU.ActiveCfg = Release|Any CPU
		{95411599-9C0D-4B94-85BA-8590A0D71720}.Release|Any CPU.Build.0 = Release|Any CPU
		{81C788E7-463F-45DA-8707-BC492C8354D2}.Debug|Any CPU.ActiveCfg = Debug|Any CPU
		{81C788E7-463F-45DA-8707-BC492C8354D2}.Debug|Any CPU.Build.0 = Debug|Any CPU
		{81C788E7-463F-45DA-8707-BC492C8354D2}.Release|Any CPU.ActiveCfg = Release|Any CPU
		{81C788E7-463F-45DA-8707-BC492C8354D2}.Release|Any CPU.Build.0 = Release|Any CPU
		{41AB966D-0F3A-404D-9911-40E1D3FD996F}.Debug|Any CPU.ActiveCfg = Debug|Any CPU
		{41AB966D-0F3A-404D-9911-40E1D3FD996F}.Debug|Any CPU.Build.0 = Debug|Any CPU
		{41AB966D-0F3A-404D-9911-40E1D3FD996F}.Release|Any CPU.ActiveCfg = Release|Any CPU
		{41AB966D-0F3A-404D-9911-40E1D3FD996F}.Release|Any CPU.Build.0 = Release|Any CPU
		{346B5B32-54A9-4CC9-A79A-73AFDDBDA610}.Debug|Any CPU.ActiveCfg = Debug|Any CPU
		{346B5B32-54A9-4CC9-A79A-73AFDDBDA610}.Debug|Any CPU.Build.0 = Debug|Any CPU
		{346B5B32-54A9-4CC9-A79A-73AFDDBDA610}.Release|Any CPU.ActiveCfg = Release|Any CPU
		{346B5B32-54A9-4CC9-A79A-73AFDDBDA610}.Release|Any CPU.Build.0 = Release|Any CPU
		{9FC0B913-4C16-49F6-A474-47BC963164EB}.Debug|Any CPU.ActiveCfg = Debug|Any CPU
		{9FC0B913-4C16-49F6-A474-47BC963164EB}.Debug|Any CPU.Build.0 = Debug|Any CPU
		{9FC0B913-4C16-49F6-A474-47BC963164EB}.Release|Any CPU.ActiveCfg = Release|Any CPU
		{9FC0B913-4C16-49F6-A474-47BC963164EB}.Release|Any CPU.Build.0 = Release|Any CPU
		{CC4DEC18-73E3-4D22-BD4A-DAFF5546AD71}.Debug|Any CPU.ActiveCfg = Debug|Any CPU
		{CC4DEC18-73E3-4D22-BD4A-DAFF5546AD71}.Debug|Any CPU.Build.0 = Debug|Any CPU
		{CC4DEC18-73E3-4D22-BD4A-DAFF5546AD71}.Release|Any CPU.ActiveCfg = Release|Any CPU
		{CC4DEC18-73E3-4D22-BD4A-DAFF5546AD71}.Release|Any CPU.Build.0 = Release|Any CPU
		{3210AD21-C0BA-4268-8C70-01F621BCE526}.Debug|Any CPU.ActiveCfg = Debug|Any CPU
		{3210AD21-C0BA-4268-8C70-01F621BCE526}.Debug|Any CPU.Build.0 = Debug|Any CPU
		{3210AD21-C0BA-4268-8C70-01F621BCE526}.Release|Any CPU.ActiveCfg = Release|Any CPU
		{3210AD21-C0BA-4268-8C70-01F621BCE526}.Release|Any CPU.Build.0 = Release|Any CPU
		{C128BB3F-D19B-4FCA-B15F-634E3ED59664}.Debug|Any CPU.ActiveCfg = Debug|Any CPU
		{C128BB3F-D19B-4FCA-B15F-634E3ED59664}.Debug|Any CPU.Build.0 = Debug|Any CPU
		{C128BB3F-D19B-4FCA-B15F-634E3ED59664}.Release|Any CPU.ActiveCfg = Release|Any CPU
		{C128BB3F-D19B-4FCA-B15F-634E3ED59664}.Release|Any CPU.Build.0 = Release|Any CPU
		{5703C3F0-C975-4564-A814-1531B23CBF0B}.Debug|Any CPU.ActiveCfg = Debug|Any CPU
		{5703C3F0-C975-4564-A814-1531B23CBF0B}.Debug|Any CPU.Build.0 = Debug|Any CPU
		{5703C3F0-C975-4564-A814-1531B23CBF0B}.Release|Any CPU.ActiveCfg = Release|Any CPU
		{5703C3F0-C975-4564-A814-1531B23CBF0B}.Release|Any CPU.Build.0 = Release|Any CPU
		{BF68BE63-2068-40A8-8F78-ABB0BFB0A1B1}.Debug|Any CPU.ActiveCfg = Debug|Any CPU
		{BF68BE63-2068-40A8-8F78-ABB0BFB0A1B1}.Debug|Any CPU.Build.0 = Debug|Any CPU
		{BF68BE63-2068-40A8-8F78-ABB0BFB0A1B1}.Release|Any CPU.ActiveCfg = Release|Any CPU
		{BF68BE63-2068-40A8-8F78-ABB0BFB0A1B1}.Release|Any CPU.Build.0 = Release|Any CPU
		{AD7A6EC0-4309-4CA0-A900-EEBB4EED5E49}.Debug|Any CPU.ActiveCfg = Debug|Any CPU
		{AD7A6EC0-4309-4CA0-A900-EEBB4EED5E49}.Debug|Any CPU.Build.0 = Debug|Any CPU
		{AD7A6EC0-4309-4CA0-A900-EEBB4EED5E49}.Release|Any CPU.ActiveCfg = Release|Any CPU
		{AD7A6EC0-4309-4CA0-A900-EEBB4EED5E49}.Release|Any CPU.Build.0 = Release|Any CPU
		{F703FB5A-4B35-4ADC-98CA-AACC56B3FF4C}.Debug|Any CPU.ActiveCfg = Debug|Any CPU
		{F703FB5A-4B35-4ADC-98CA-AACC56B3FF4C}.Debug|Any CPU.Build.0 = Debug|Any CPU
		{F703FB5A-4B35-4ADC-98CA-AACC56B3FF4C}.Release|Any CPU.ActiveCfg = Release|Any CPU
		{F703FB5A-4B35-4ADC-98CA-AACC56B3FF4C}.Release|Any CPU.Build.0 = Release|Any CPU
		{A562F2D3-2F3A-4A45-9091-B4E81D033102}.Debug|Any CPU.ActiveCfg = Debug|Any CPU
		{A562F2D3-2F3A-4A45-9091-B4E81D033102}.Debug|Any CPU.Build.0 = Debug|Any CPU
		{A562F2D3-2F3A-4A45-9091-B4E81D033102}.Release|Any CPU.ActiveCfg = Release|Any CPU
		{A562F2D3-2F3A-4A45-9091-B4E81D033102}.Release|Any CPU.Build.0 = Release|Any CPU
		{AD36D1FA-295C-4E65-9684-3D97484C50C2}.Debug|Any CPU.ActiveCfg = Debug|Any CPU
		{AD36D1FA-295C-4E65-9684-3D97484C50C2}.Debug|Any CPU.Build.0 = Debug|Any CPU
		{AD36D1FA-295C-4E65-9684-3D97484C50C2}.Release|Any CPU.ActiveCfg = Release|Any CPU
		{AD36D1FA-295C-4E65-9684-3D97484C50C2}.Release|Any CPU.Build.0 = Release|Any CPU
		{7C8BDF40-F70C-4DDE-8745-AE9DE8E08817}.Debug|Any CPU.ActiveCfg = Debug|Any CPU
		{7C8BDF40-F70C-4DDE-8745-AE9DE8E08817}.Debug|Any CPU.Build.0 = Debug|Any CPU
		{7C8BDF40-F70C-4DDE-8745-AE9DE8E08817}.Release|Any CPU.ActiveCfg = Release|Any CPU
		{7C8BDF40-F70C-4DDE-8745-AE9DE8E08817}.Release|Any CPU.Build.0 = Release|Any CPU
		{C30BF3A1-6A1E-4149-A89F-EA929F1A16D4}.Debug|Any CPU.ActiveCfg = Debug|Any CPU
		{C30BF3A1-6A1E-4149-A89F-EA929F1A16D4}.Debug|Any CPU.Build.0 = Debug|Any CPU
		{C30BF3A1-6A1E-4149-A89F-EA929F1A16D4}.Release|Any CPU.ActiveCfg = Release|Any CPU
		{C30BF3A1-6A1E-4149-A89F-EA929F1A16D4}.Release|Any CPU.Build.0 = Release|Any CPU
		{C70C450F-96DD-4268-99A3-A6F2888D199E}.Debug|Any CPU.ActiveCfg = Debug|Any CPU
		{C70C450F-96DD-4268-99A3-A6F2888D199E}.Debug|Any CPU.Build.0 = Debug|Any CPU
		{C70C450F-96DD-4268-99A3-A6F2888D199E}.Release|Any CPU.ActiveCfg = Release|Any CPU
		{C70C450F-96DD-4268-99A3-A6F2888D199E}.Release|Any CPU.Build.0 = Release|Any CPU
		{9589714F-8C4D-442E-BC20-95EB823D171C}.Debug|Any CPU.ActiveCfg = Debug|Any CPU
		{9589714F-8C4D-442E-BC20-95EB823D171C}.Debug|Any CPU.Build.0 = Debug|Any CPU
		{9589714F-8C4D-442E-BC20-95EB823D171C}.Release|Any CPU.ActiveCfg = Release|Any CPU
		{9589714F-8C4D-442E-BC20-95EB823D171C}.Release|Any CPU.Build.0 = Release|Any CPU
		{487835D0-5A20-41D9-A9C1-57CFAC3ACA90}.Debug|Any CPU.ActiveCfg = Debug|Any CPU
		{487835D0-5A20-41D9-A9C1-57CFAC3ACA90}.Debug|Any CPU.Build.0 = Debug|Any CPU
		{487835D0-5A20-41D9-A9C1-57CFAC3ACA90}.Release|Any CPU.ActiveCfg = Release|Any CPU
		{487835D0-5A20-41D9-A9C1-57CFAC3ACA90}.Release|Any CPU.Build.0 = Release|Any CPU
		{AFE70D0C-ED1A-41E5-994C-8114E6C7227D}.Debug|Any CPU.ActiveCfg = Debug|Any CPU
		{AFE70D0C-ED1A-41E5-994C-8114E6C7227D}.Debug|Any CPU.Build.0 = Debug|Any CPU
		{AFE70D0C-ED1A-41E5-994C-8114E6C7227D}.Release|Any CPU.ActiveCfg = Release|Any CPU
		{AFE70D0C-ED1A-41E5-994C-8114E6C7227D}.Release|Any CPU.Build.0 = Release|Any CPU
		{454596D7-9F44-4A62-928E-71F05CAB50DF}.Debug|Any CPU.ActiveCfg = Debug|Any CPU
		{454596D7-9F44-4A62-928E-71F05CAB50DF}.Debug|Any CPU.Build.0 = Debug|Any CPU
		{454596D7-9F44-4A62-928E-71F05CAB50DF}.Release|Any CPU.ActiveCfg = Release|Any CPU
		{454596D7-9F44-4A62-928E-71F05CAB50DF}.Release|Any CPU.Build.0 = Release|Any CPU
		{EF16C92D-D7AE-410B-A5BB-06648FE9B0A6}.Debug|Any CPU.ActiveCfg = Debug|Any CPU
		{EF16C92D-D7AE-410B-A5BB-06648FE9B0A6}.Debug|Any CPU.Build.0 = Debug|Any CPU
		{EF16C92D-D7AE-410B-A5BB-06648FE9B0A6}.Release|Any CPU.ActiveCfg = Release|Any CPU
		{EF16C92D-D7AE-410B-A5BB-06648FE9B0A6}.Release|Any CPU.Build.0 = Release|Any CPU
		{50758804-A416-441F-8409-B3BE8BE7C578}.Debug|Any CPU.ActiveCfg = Debug|Any CPU
		{50758804-A416-441F-8409-B3BE8BE7C578}.Debug|Any CPU.Build.0 = Debug|Any CPU
		{50758804-A416-441F-8409-B3BE8BE7C578}.Release|Any CPU.ActiveCfg = Release|Any CPU
		{50758804-A416-441F-8409-B3BE8BE7C578}.Release|Any CPU.Build.0 = Release|Any CPU
		{72E61229-D996-45B7-8B32-B3563CE2E643}.Debug|Any CPU.ActiveCfg = Debug|Any CPU
		{72E61229-D996-45B7-8B32-B3563CE2E643}.Debug|Any CPU.Build.0 = Debug|Any CPU
		{72E61229-D996-45B7-8B32-B3563CE2E643}.Release|Any CPU.ActiveCfg = Release|Any CPU
		{72E61229-D996-45B7-8B32-B3563CE2E643}.Release|Any CPU.Build.0 = Release|Any CPU
		{09D57FF2-4542-4EFA-9894-E3B22C826F21}.Debug|Any CPU.ActiveCfg = Debug|Any CPU
		{09D57FF2-4542-4EFA-9894-E3B22C826F21}.Debug|Any CPU.Build.0 = Debug|Any CPU
		{09D57FF2-4542-4EFA-9894-E3B22C826F21}.Release|Any CPU.ActiveCfg = Release|Any CPU
		{09D57FF2-4542-4EFA-9894-E3B22C826F21}.Release|Any CPU.Build.0 = Release|Any CPU
		{06F5F739-F261-44D6-9923-5573E35796B8}.Debug|Any CPU.ActiveCfg = Debug|Any CPU
		{06F5F739-F261-44D6-9923-5573E35796B8}.Debug|Any CPU.Build.0 = Debug|Any CPU
		{06F5F739-F261-44D6-9923-5573E35796B8}.Release|Any CPU.ActiveCfg = Release|Any CPU
		{06F5F739-F261-44D6-9923-5573E35796B8}.Release|Any CPU.Build.0 = Release|Any CPU
		{72DC687F-BF21-4543-9CBF-EC1BB8A2966B}.Debug|Any CPU.ActiveCfg = Debug|Any CPU
		{72DC687F-BF21-4543-9CBF-EC1BB8A2966B}.Debug|Any CPU.Build.0 = Debug|Any CPU
		{72DC687F-BF21-4543-9CBF-EC1BB8A2966B}.Release|Any CPU.ActiveCfg = Release|Any CPU
		{72DC687F-BF21-4543-9CBF-EC1BB8A2966B}.Release|Any CPU.Build.0 = Release|Any CPU
		{DA7E6B59-9AD3-4AC8-860E-BBFA9034F5D8}.Debug|Any CPU.ActiveCfg = Debug|Any CPU
		{DA7E6B59-9AD3-4AC8-860E-BBFA9034F5D8}.Debug|Any CPU.Build.0 = Debug|Any CPU
		{DA7E6B59-9AD3-4AC8-860E-BBFA9034F5D8}.Release|Any CPU.ActiveCfg = Release|Any CPU
		{DA7E6B59-9AD3-4AC8-860E-BBFA9034F5D8}.Release|Any CPU.Build.0 = Release|Any CPU
		{C0AB3A9B-D64D-4E53-ADC9-135B2CB72BB2}.Debug|Any CPU.ActiveCfg = Debug|Any CPU
		{C0AB3A9B-D64D-4E53-ADC9-135B2CB72BB2}.Debug|Any CPU.Build.0 = Debug|Any CPU
		{C0AB3A9B-D64D-4E53-ADC9-135B2CB72BB2}.Release|Any CPU.ActiveCfg = Release|Any CPU
		{C0AB3A9B-D64D-4E53-ADC9-135B2CB72BB2}.Release|Any CPU.Build.0 = Release|Any CPU
		{3411C787-B99B-4EAB-BEB3-7065EC1FF7BC}.Debug|Any CPU.ActiveCfg = Debug|Any CPU
		{3411C787-B99B-4EAB-BEB3-7065EC1FF7BC}.Debug|Any CPU.Build.0 = Debug|Any CPU
		{3411C787-B99B-4EAB-BEB3-7065EC1FF7BC}.Release|Any CPU.ActiveCfg = Release|Any CPU
		{3411C787-B99B-4EAB-BEB3-7065EC1FF7BC}.Release|Any CPU.Build.0 = Release|Any CPU
		{8617B9D3-8CD0-457D-9130-45B6DBD5207A}.Debug|Any CPU.ActiveCfg = Debug|Any CPU
		{8617B9D3-8CD0-457D-9130-45B6DBD5207A}.Debug|Any CPU.Build.0 = Debug|Any CPU
		{8617B9D3-8CD0-457D-9130-45B6DBD5207A}.Release|Any CPU.ActiveCfg = Release|Any CPU
		{8617B9D3-8CD0-457D-9130-45B6DBD5207A}.Release|Any CPU.Build.0 = Release|Any CPU
		{D5349C2D-6EFC-4358-B9DF-8609C69E954D}.Debug|Any CPU.ActiveCfg = Debug|Any CPU
		{D5349C2D-6EFC-4358-B9DF-8609C69E954D}.Debug|Any CPU.Build.0 = Debug|Any CPU
		{D5349C2D-6EFC-4358-B9DF-8609C69E954D}.Release|Any CPU.ActiveCfg = Release|Any CPU
		{D5349C2D-6EFC-4358-B9DF-8609C69E954D}.Release|Any CPU.Build.0 = Release|Any CPU
		{E352FD98-762D-4256-9A58-2542644E5225}.Debug|Any CPU.ActiveCfg = Debug|Any CPU
		{E352FD98-762D-4256-9A58-2542644E5225}.Debug|Any CPU.Build.0 = Debug|Any CPU
		{E352FD98-762D-4256-9A58-2542644E5225}.Release|Any CPU.ActiveCfg = Release|Any CPU
		{E352FD98-762D-4256-9A58-2542644E5225}.Release|Any CPU.Build.0 = Release|Any CPU
		{C4CFE93D-770E-4CA5-8842-78FC819AB7AE}.Debug|Any CPU.ActiveCfg = Debug|Any CPU
		{C4CFE93D-770E-4CA5-8842-78FC819AB7AE}.Debug|Any CPU.Build.0 = Debug|Any CPU
		{C4CFE93D-770E-4CA5-8842-78FC819AB7AE}.Release|Any CPU.ActiveCfg = Release|Any CPU
		{C4CFE93D-770E-4CA5-8842-78FC819AB7AE}.Release|Any CPU.Build.0 = Release|Any CPU
		{C6A36736-774B-4E56-9893-1E8CF7AB1DE8}.Debug|Any CPU.ActiveCfg = Debug|Any CPU
		{C6A36736-774B-4E56-9893-1E8CF7AB1DE8}.Debug|Any CPU.Build.0 = Debug|Any CPU
		{C6A36736-774B-4E56-9893-1E8CF7AB1DE8}.Release|Any CPU.ActiveCfg = Release|Any CPU
		{C6A36736-774B-4E56-9893-1E8CF7AB1DE8}.Release|Any CPU.Build.0 = Release|Any CPU
		{F9075A15-FEB6-4E3B-A3FE-B1228FA0CB27}.Debug|Any CPU.ActiveCfg = Debug|Any CPU
		{F9075A15-FEB6-4E3B-A3FE-B1228FA0CB27}.Debug|Any CPU.Build.0 = Debug|Any CPU
		{F9075A15-FEB6-4E3B-A3FE-B1228FA0CB27}.Release|Any CPU.ActiveCfg = Release|Any CPU
		{F9075A15-FEB6-4E3B-A3FE-B1228FA0CB27}.Release|Any CPU.Build.0 = Release|Any CPU
		{DD295711-2714-40BD-97B0-45A474BE01AE}.Debug|Any CPU.ActiveCfg = Debug|Any CPU
		{DD295711-2714-40BD-97B0-45A474BE01AE}.Debug|Any CPU.Build.0 = Debug|Any CPU
		{DD295711-2714-40BD-97B0-45A474BE01AE}.Release|Any CPU.ActiveCfg = Release|Any CPU
		{DD295711-2714-40BD-97B0-45A474BE01AE}.Release|Any CPU.Build.0 = Release|Any CPU
		{7A43CC41-269C-4A74-B1E2-93773EA8A5ED}.Debug|Any CPU.ActiveCfg = Debug|Any CPU
		{7A43CC41-269C-4A74-B1E2-93773EA8A5ED}.Debug|Any CPU.Build.0 = Debug|Any CPU
		{7A43CC41-269C-4A74-B1E2-93773EA8A5ED}.Release|Any CPU.ActiveCfg = Release|Any CPU
		{7A43CC41-269C-4A74-B1E2-93773EA8A5ED}.Release|Any CPU.Build.0 = Release|Any CPU
		{DED168A1-EEC5-49F7-9CD5-DA0603CD231A}.Debug|Any CPU.ActiveCfg = Debug|Any CPU
		{DED168A1-EEC5-49F7-9CD5-DA0603CD231A}.Debug|Any CPU.Build.0 = Debug|Any CPU
		{DED168A1-EEC5-49F7-9CD5-DA0603CD231A}.Release|Any CPU.ActiveCfg = Release|Any CPU
		{DED168A1-EEC5-49F7-9CD5-DA0603CD231A}.Release|Any CPU.Build.0 = Release|Any CPU
		{319D3ACF-BE80-4F05-A5C6-45DE3D5B8FC3}.Debug|Any CPU.ActiveCfg = Debug|Any CPU
		{319D3ACF-BE80-4F05-A5C6-45DE3D5B8FC3}.Debug|Any CPU.Build.0 = Debug|Any CPU
		{319D3ACF-BE80-4F05-A5C6-45DE3D5B8FC3}.Release|Any CPU.ActiveCfg = Release|Any CPU
		{319D3ACF-BE80-4F05-A5C6-45DE3D5B8FC3}.Release|Any CPU.Build.0 = Release|Any CPU
		{6031F0D6-F860-433E-9925-BDF6824A5BBA}.Debug|Any CPU.ActiveCfg = Debug|Any CPU
		{6031F0D6-F860-433E-9925-BDF6824A5BBA}.Debug|Any CPU.Build.0 = Debug|Any CPU
		{6031F0D6-F860-433E-9925-BDF6824A5BBA}.Release|Any CPU.ActiveCfg = Release|Any CPU
		{6031F0D6-F860-433E-9925-BDF6824A5BBA}.Release|Any CPU.Build.0 = Release|Any CPU
		{2BBBBAA7-5008-415A-A6A5-EC8BD165BC2C}.Debug|Any CPU.ActiveCfg = Debug|Any CPU
		{2BBBBAA7-5008-415A-A6A5-EC8BD165BC2C}.Debug|Any CPU.Build.0 = Debug|Any CPU
		{2BBBBAA7-5008-415A-A6A5-EC8BD165BC2C}.Release|Any CPU.ActiveCfg = Release|Any CPU
		{2BBBBAA7-5008-415A-A6A5-EC8BD165BC2C}.Release|Any CPU.Build.0 = Release|Any CPU
		{3DF8202C-1E77-46CB-80AA-E81D7205170C}.Debug|Any CPU.ActiveCfg = Debug|Any CPU
		{3DF8202C-1E77-46CB-80AA-E81D7205170C}.Debug|Any CPU.Build.0 = Debug|Any CPU
		{3DF8202C-1E77-46CB-80AA-E81D7205170C}.Release|Any CPU.ActiveCfg = Release|Any CPU
		{3DF8202C-1E77-46CB-80AA-E81D7205170C}.Release|Any CPU.Build.0 = Release|Any CPU
		{6B1FD2F3-E745-4580-AABD-CB2F97E69034}.Debug|Any CPU.ActiveCfg = Debug|Any CPU
		{6B1FD2F3-E745-4580-AABD-CB2F97E69034}.Debug|Any CPU.Build.0 = Debug|Any CPU
		{6B1FD2F3-E745-4580-AABD-CB2F97E69034}.Release|Any CPU.ActiveCfg = Release|Any CPU
		{6B1FD2F3-E745-4580-AABD-CB2F97E69034}.Release|Any CPU.Build.0 = Release|Any CPU
		{D35475A9-48B8-47B8-BC36-EB50FD474AF4}.Debug|Any CPU.ActiveCfg = Debug|Any CPU
		{D35475A9-48B8-47B8-BC36-EB50FD474AF4}.Debug|Any CPU.Build.0 = Debug|Any CPU
		{D35475A9-48B8-47B8-BC36-EB50FD474AF4}.Release|Any CPU.ActiveCfg = Release|Any CPU
		{D35475A9-48B8-47B8-BC36-EB50FD474AF4}.Release|Any CPU.Build.0 = Release|Any CPU
		{A5DD3706-C38B-45DD-983F-3979717FB994}.Debug|Any CPU.ActiveCfg = Debug|Any CPU
		{A5DD3706-C38B-45DD-983F-3979717FB994}.Debug|Any CPU.Build.0 = Debug|Any CPU
		{A5DD3706-C38B-45DD-983F-3979717FB994}.Release|Any CPU.ActiveCfg = Release|Any CPU
		{A5DD3706-C38B-45DD-983F-3979717FB994}.Release|Any CPU.Build.0 = Release|Any CPU
		{BA04CAF3-7316-4752-8366-A7F298F5D6F5}.Debug|Any CPU.ActiveCfg = Debug|Any CPU
		{BA04CAF3-7316-4752-8366-A7F298F5D6F5}.Debug|Any CPU.Build.0 = Debug|Any CPU
		{BA04CAF3-7316-4752-8366-A7F298F5D6F5}.Release|Any CPU.ActiveCfg = Release|Any CPU
		{BA04CAF3-7316-4752-8366-A7F298F5D6F5}.Release|Any CPU.Build.0 = Release|Any CPU
		{978436E4-D13A-4D78-A68B-6B9FCC9B24BB}.Debug|Any CPU.ActiveCfg = Debug|Any CPU
		{978436E4-D13A-4D78-A68B-6B9FCC9B24BB}.Debug|Any CPU.Build.0 = Debug|Any CPU
		{978436E4-D13A-4D78-A68B-6B9FCC9B24BB}.Release|Any CPU.ActiveCfg = Release|Any CPU
		{978436E4-D13A-4D78-A68B-6B9FCC9B24BB}.Release|Any CPU.Build.0 = Release|Any CPU
		{86256CC2-7ABD-4374-AA25-93A45393672A}.Debug|Any CPU.ActiveCfg = Debug|Any CPU
		{86256CC2-7ABD-4374-AA25-93A45393672A}.Debug|Any CPU.Build.0 = Debug|Any CPU
		{86256CC2-7ABD-4374-AA25-93A45393672A}.Release|Any CPU.ActiveCfg = Release|Any CPU
		{86256CC2-7ABD-4374-AA25-93A45393672A}.Release|Any CPU.Build.0 = Release|Any CPU
		{E70C28A9-CE10-470F-9E0F-01A7C9D87494}.Debug|Any CPU.ActiveCfg = Debug|Any CPU
		{E70C28A9-CE10-470F-9E0F-01A7C9D87494}.Debug|Any CPU.Build.0 = Debug|Any CPU
		{E70C28A9-CE10-470F-9E0F-01A7C9D87494}.Release|Any CPU.ActiveCfg = Release|Any CPU
		{E70C28A9-CE10-470F-9E0F-01A7C9D87494}.Release|Any CPU.Build.0 = Release|Any CPU
		{C4772864-3948-4115-9D03-C03EC67B9D80}.Debug|Any CPU.ActiveCfg = Debug|Any CPU
		{C4772864-3948-4115-9D03-C03EC67B9D80}.Debug|Any CPU.Build.0 = Debug|Any CPU
		{C4772864-3948-4115-9D03-C03EC67B9D80}.Release|Any CPU.ActiveCfg = Release|Any CPU
		{C4772864-3948-4115-9D03-C03EC67B9D80}.Release|Any CPU.Build.0 = Release|Any CPU
		{510FC1CE-DB7E-4687-80E5-7E2BCD5D5506}.Debug|Any CPU.ActiveCfg = Debug|Any CPU
		{510FC1CE-DB7E-4687-80E5-7E2BCD5D5506}.Debug|Any CPU.Build.0 = Debug|Any CPU
		{510FC1CE-DB7E-4687-80E5-7E2BCD5D5506}.Release|Any CPU.ActiveCfg = Release|Any CPU
		{510FC1CE-DB7E-4687-80E5-7E2BCD5D5506}.Release|Any CPU.Build.0 = Release|Any CPU
		{6FA9F1FA-E8CE-43C3-BEA8-28CB4B9AA2EE}.Debug|Any CPU.ActiveCfg = Debug|Any CPU
		{6FA9F1FA-E8CE-43C3-BEA8-28CB4B9AA2EE}.Debug|Any CPU.Build.0 = Debug|Any CPU
		{6FA9F1FA-E8CE-43C3-BEA8-28CB4B9AA2EE}.Release|Any CPU.ActiveCfg = Release|Any CPU
		{6FA9F1FA-E8CE-43C3-BEA8-28CB4B9AA2EE}.Release|Any CPU.Build.0 = Release|Any CPU
		{F567CD05-C90F-4411-8CE5-30AAF739A604}.Debug|Any CPU.ActiveCfg = Debug|Any CPU
		{F567CD05-C90F-4411-8CE5-30AAF739A604}.Debug|Any CPU.Build.0 = Debug|Any CPU
		{F567CD05-C90F-4411-8CE5-30AAF739A604}.Release|Any CPU.ActiveCfg = Release|Any CPU
		{F567CD05-C90F-4411-8CE5-30AAF739A604}.Release|Any CPU.Build.0 = Release|Any CPU
		{9FAB4764-E9DD-4674-B4E5-7FC7B7A409C1}.Debug|Any CPU.ActiveCfg = Debug|Any CPU
		{9FAB4764-E9DD-4674-B4E5-7FC7B7A409C1}.Debug|Any CPU.Build.0 = Debug|Any CPU
		{9FAB4764-E9DD-4674-B4E5-7FC7B7A409C1}.Release|Any CPU.ActiveCfg = Release|Any CPU
		{9FAB4764-E9DD-4674-B4E5-7FC7B7A409C1}.Release|Any CPU.Build.0 = Release|Any CPU
		{10E4B21C-9F1C-435F-9A3F-A99D2B7230D4}.Debug|Any CPU.ActiveCfg = Debug|Any CPU
		{10E4B21C-9F1C-435F-9A3F-A99D2B7230D4}.Debug|Any CPU.Build.0 = Debug|Any CPU
		{10E4B21C-9F1C-435F-9A3F-A99D2B7230D4}.Release|Any CPU.ActiveCfg = Release|Any CPU
		{10E4B21C-9F1C-435F-9A3F-A99D2B7230D4}.Release|Any CPU.Build.0 = Release|Any CPU
		{4B25CC3C-906E-42EF-8B29-C199A38A4A18}.Debug|Any CPU.ActiveCfg = Debug|Any CPU
		{4B25CC3C-906E-42EF-8B29-C199A38A4A18}.Debug|Any CPU.Build.0 = Debug|Any CPU
		{4B25CC3C-906E-42EF-8B29-C199A38A4A18}.Release|Any CPU.ActiveCfg = Release|Any CPU
		{4B25CC3C-906E-42EF-8B29-C199A38A4A18}.Release|Any CPU.Build.0 = Release|Any CPU
		{E3629B81-2645-4853-82F3-C239AEFDF85E}.Debug|Any CPU.ActiveCfg = Debug|Any CPU
		{E3629B81-2645-4853-82F3-C239AEFDF85E}.Debug|Any CPU.Build.0 = Debug|Any CPU
		{E3629B81-2645-4853-82F3-C239AEFDF85E}.Release|Any CPU.ActiveCfg = Release|Any CPU
		{E3629B81-2645-4853-82F3-C239AEFDF85E}.Release|Any CPU.Build.0 = Release|Any CPU
		{F60BC54D-90BC-4036-90A7-3FC383C19B7C}.Debug|Any CPU.ActiveCfg = Debug|Any CPU
		{F60BC54D-90BC-4036-90A7-3FC383C19B7C}.Debug|Any CPU.Build.0 = Debug|Any CPU
		{F60BC54D-90BC-4036-90A7-3FC383C19B7C}.Release|Any CPU.ActiveCfg = Release|Any CPU
		{F60BC54D-90BC-4036-90A7-3FC383C19B7C}.Release|Any CPU.Build.0 = Release|Any CPU
		{8F500C96-0F36-4A08-B07B-0B1DBE0E46D0}.Debug|Any CPU.ActiveCfg = Debug|Any CPU
		{8F500C96-0F36-4A08-B07B-0B1DBE0E46D0}.Debug|Any CPU.Build.0 = Debug|Any CPU
		{8F500C96-0F36-4A08-B07B-0B1DBE0E46D0}.Release|Any CPU.ActiveCfg = Release|Any CPU
		{8F500C96-0F36-4A08-B07B-0B1DBE0E46D0}.Release|Any CPU.Build.0 = Release|Any CPU
		{DB24514B-ED8C-4C2F-B53D-915368F709F2}.Debug|Any CPU.ActiveCfg = Debug|Any CPU
		{DB24514B-ED8C-4C2F-B53D-915368F709F2}.Debug|Any CPU.Build.0 = Debug|Any CPU
		{DB24514B-ED8C-4C2F-B53D-915368F709F2}.Release|Any CPU.ActiveCfg = Release|Any CPU
		{DB24514B-ED8C-4C2F-B53D-915368F709F2}.Release|Any CPU.Build.0 = Release|Any CPU
		{99A6C529-8C04-4D53-A26C-CD1D3B787E5B}.Debug|Any CPU.ActiveCfg = Debug|Any CPU
		{99A6C529-8C04-4D53-A26C-CD1D3B787E5B}.Debug|Any CPU.Build.0 = Debug|Any CPU
		{99A6C529-8C04-4D53-A26C-CD1D3B787E5B}.Release|Any CPU.ActiveCfg = Release|Any CPU
		{99A6C529-8C04-4D53-A26C-CD1D3B787E5B}.Release|Any CPU.Build.0 = Release|Any CPU
		{2BDE0EC9-8CE6-4014-AA9F-6F79B9E845F6}.Debug|Any CPU.ActiveCfg = Debug|Any CPU
		{2BDE0EC9-8CE6-4014-AA9F-6F79B9E845F6}.Debug|Any CPU.Build.0 = Debug|Any CPU
		{2BDE0EC9-8CE6-4014-AA9F-6F79B9E845F6}.Release|Any CPU.ActiveCfg = Release|Any CPU
		{2BDE0EC9-8CE6-4014-AA9F-6F79B9E845F6}.Release|Any CPU.Build.0 = Release|Any CPU
		{9D07D21B-BE6E-42CC-BD89-42BE8BC85822}.Debug|Any CPU.ActiveCfg = Debug|Any CPU
		{9D07D21B-BE6E-42CC-BD89-42BE8BC85822}.Debug|Any CPU.Build.0 = Debug|Any CPU
		{9D07D21B-BE6E-42CC-BD89-42BE8BC85822}.Release|Any CPU.ActiveCfg = Release|Any CPU
		{9D07D21B-BE6E-42CC-BD89-42BE8BC85822}.Release|Any CPU.Build.0 = Release|Any CPU
		{F267A2A8-3A88-40BF-87E2-528A12E8FD40}.Debug|Any CPU.ActiveCfg = Debug|Any CPU
		{F267A2A8-3A88-40BF-87E2-528A12E8FD40}.Debug|Any CPU.Build.0 = Debug|Any CPU
		{F267A2A8-3A88-40BF-87E2-528A12E8FD40}.Release|Any CPU.ActiveCfg = Release|Any CPU
		{F267A2A8-3A88-40BF-87E2-528A12E8FD40}.Release|Any CPU.Build.0 = Release|Any CPU
		{8E061EE1-E782-4182-953D-399C5F639BDF}.Debug|Any CPU.ActiveCfg = Debug|Any CPU
		{8E061EE1-E782-4182-953D-399C5F639BDF}.Debug|Any CPU.Build.0 = Debug|Any CPU
		{8E061EE1-E782-4182-953D-399C5F639BDF}.Release|Any CPU.ActiveCfg = Release|Any CPU
		{8E061EE1-E782-4182-953D-399C5F639BDF}.Release|Any CPU.Build.0 = Release|Any CPU
		{3DF15AAC-4ED0-4049-9FCB-7ACB5BD94CE9}.Debug|Any CPU.ActiveCfg = Debug|Any CPU
		{3DF15AAC-4ED0-4049-9FCB-7ACB5BD94CE9}.Debug|Any CPU.Build.0 = Debug|Any CPU
		{3DF15AAC-4ED0-4049-9FCB-7ACB5BD94CE9}.Release|Any CPU.ActiveCfg = Release|Any CPU
		{3DF15AAC-4ED0-4049-9FCB-7ACB5BD94CE9}.Release|Any CPU.Build.0 = Release|Any CPU
		{D1EFE9B8-89DD-4684-A2B0-DE39B1176A23}.Debug|Any CPU.ActiveCfg = Debug|Any CPU
		{D1EFE9B8-89DD-4684-A2B0-DE39B1176A23}.Debug|Any CPU.Build.0 = Debug|Any CPU
		{D1EFE9B8-89DD-4684-A2B0-DE39B1176A23}.Release|Any CPU.ActiveCfg = Release|Any CPU
		{D1EFE9B8-89DD-4684-A2B0-DE39B1176A23}.Release|Any CPU.Build.0 = Release|Any CPU
		{B3F5D791-CD1F-4C7D-8B63-49389AA44519}.Debug|Any CPU.ActiveCfg = Debug|Any CPU
		{B3F5D791-CD1F-4C7D-8B63-49389AA44519}.Debug|Any CPU.Build.0 = Debug|Any CPU
		{B3F5D791-CD1F-4C7D-8B63-49389AA44519}.Release|Any CPU.ActiveCfg = Release|Any CPU
		{B3F5D791-CD1F-4C7D-8B63-49389AA44519}.Release|Any CPU.Build.0 = Release|Any CPU
		{0EE678CA-AA20-4835-B562-75AA2882F276}.Debug|Any CPU.ActiveCfg = Debug|Any CPU
		{0EE678CA-AA20-4835-B562-75AA2882F276}.Debug|Any CPU.Build.0 = Debug|Any CPU
		{0EE678CA-AA20-4835-B562-75AA2882F276}.Release|Any CPU.ActiveCfg = Release|Any CPU
		{0EE678CA-AA20-4835-B562-75AA2882F276}.Release|Any CPU.Build.0 = Release|Any CPU
	EndGlobalSection
	GlobalSection(SolutionProperties) = preSolution
		HideSolutionNode = FALSE
	EndGlobalSection
EndGlobal
