
Microsoft Visual Studio Solution File, Format Version 12.00
# Visual Studio 14
VisualStudioVersion = 14.0.24720.0
MinimumVisualStudioVersion = 10.0.40219.1
Project("{FAE04EC0-301F-11D3-BF4B-00C04F79EFBC}") = "BoatRacingSimulator", "BoatRacingSimulator\BoatRacingSimulator.csproj", "{742DA24A-56C7-4ECF-9A28-B3488051D713}"
EndProject
Project("{FAE04EC0-301F-11D3-BF4B-00C04F79EFBC}") = "BoatRacingSimulator.Tests", "BoatRacingSimulator.Tests\BoatRacingSimulator.Tests.csproj", "{CE3D43A9-7520-4024-8FB5-43E086C76674}"
EndProject
Global
	GlobalSection(SolutionConfigurationPlatforms) = preSolution
		Debug|Any CPU = Debug|Any CPU
		Release|Any CPU = Release|Any CPU
	EndGlobalSection
	GlobalSection(ProjectConfigurationPlatforms) = postSolution
		{742DA24A-56C7-4ECF-9A28-B3488051D713}.Debug|Any CPU.ActiveCfg = Debug|Any CPU
		{742DA24A-56C7-4ECF-9A28-B3488051D713}.Debug|Any CPU.Build.0 = Debug|Any CPU
		{742DA24A-56C7-4ECF-9A28-B3488051D713}.Release|Any CPU.ActiveCfg = Release|Any CPU
		{742DA24A-56C7-4ECF-9A28-B3488051D713}.Release|Any CPU.Build.0 = Release|Any CPU
		{CE3D43A9-7520-4024-8FB5-43E086C76674}.Debug|Any CPU.ActiveCfg = Debug|Any CPU
		{CE3D43A9-7520-4024-8FB5-43E086C76674}.Debug|Any CPU.Build.0 = Debug|Any CPU
		{CE3D43A9-7520-4024-8FB5-43E086C76674}.Release|Any CPU.ActiveCfg = Release|Any CPU
		{CE3D43A9-7520-4024-8FB5-43E086C76674}.Release|Any CPU.Build.0 = Release|Any CPU
	EndGlobalSection
	GlobalSection(SolutionProperties) = preSolution
		HideSolutionNode = FALSE
	EndGlobalSection
EndGlobal
