
Microsoft Visual Studio Solution File, Format Version 12.00
# Visual Studio 2013
VisualStudioVersion = 12.0.21005.1
MinimumVisualStudioVersion = 10.0.40219.1
Project("{FAE04EC0-301F-11D3-BF4B-00C04F79EFBC}") = "01. Odd Lines", "01. Odd Lines\01. Odd Lines.csproj", "{5161403D-BDEA-4302-9F0E-301291582DBC}"
EndProject
Project("{FAE04EC0-301F-11D3-BF4B-00C04F79EFBC}") = "02. Line Numbers", "02. Line Numbers\02. Line Numbers.csproj", "{3F15F18A-D710-4408-B013-7619DC25517E}"
EndProject
Project("{FAE04EC0-301F-11D3-BF4B-00C04F79EFBC}") = "03. Word Count", "03. Word Count\03. Word Count.csproj", "{C417668B-D74F-4792-8349-EAA3162C3352}"
EndProject
Project("{FAE04EC0-301F-11D3-BF4B-00C04F79EFBC}") = "04. Copy Binary File", "04. Copy Binary File\04. Copy Binary File.csproj", "{2B7AC697-7D1B-4D53-91A2-5D515D5449A1}"
EndProject
Project("{FAE04EC0-301F-11D3-BF4B-00C04F79EFBC}") = "05. Slicing File", "05. Slicing File\05. Slicing File.csproj", "{324FB2BE-89FD-4218-BA2C-E8250EE529A5}"
EndProject
Project("{FAE04EC0-301F-11D3-BF4B-00C04F79EFBC}") = "06. Zipping Sliced Files", "06. Zipping Sliced Files\06. Zipping Sliced Files.csproj", "{078A8F15-B7C3-4DD0-8718-B633B8A87E30}"
EndProject
Project("{FAE04EC0-301F-11D3-BF4B-00C04F79EFBC}") = "07. Directory Traversal", "07. Directory Traversal\07. Directory Traversal.csproj", "{506130AE-9BB8-4CDE-8591-6734499366AA}"
EndProject
Project("{FAE04EC0-301F-11D3-BF4B-00C04F79EFBC}") = "08. Full Directory Traversal", "08. Full Directory Traversal\08. Full Directory Traversal.csproj", "{162ACA3B-ACFE-4627-908F-FBBF153AEB83}"
EndProject
Project("{FAE04EC0-301F-11D3-BF4B-00C04F79EFBC}") = "09.  Disk", "09.  Disk\09.  Disk.csproj", "{1225AEA1-38BE-4B4E-9667-2B3AAEC37C51}"
EndProject
Project("{FAE04EC0-301F-11D3-BF4B-00C04F79EFBC}") = "10. Paint Ball", "10. Paint Ball\10. Paint Ball.csproj", "{7621029F-8D18-4767-9DE3-30C6C94B26B7}"
EndProject
Project("{FAE04EC0-301F-11D3-BF4B-00C04F79EFBC}") = "11. Couples Frequency", "11. Couples Frequency\11. Couples Frequency.csproj", "{12CF79C8-8691-4D0B-91ED-BBDA6C2A9475}"
EndProject
Project("{FAE04EC0-301F-11D3-BF4B-00C04F79EFBC}") = "12. Labyrinth Dash", "12. Labyrinth Dash\12. Labyrinth Dash.csproj", "{7C066280-672D-4870-A42E-63795586F215}"
EndProject
Global
	GlobalSection(SolutionConfigurationPlatforms) = preSolution
		Debug|Any CPU = Debug|Any CPU
		Release|Any CPU = Release|Any CPU
	EndGlobalSection
	GlobalSection(ProjectConfigurationPlatforms) = postSolution
		{5161403D-BDEA-4302-9F0E-301291582DBC}.Debug|Any CPU.ActiveCfg = Debug|Any CPU
		{5161403D-BDEA-4302-9F0E-301291582DBC}.Debug|Any CPU.Build.0 = Debug|Any CPU
		{5161403D-BDEA-4302-9F0E-301291582DBC}.Release|Any CPU.ActiveCfg = Release|Any CPU
		{5161403D-BDEA-4302-9F0E-301291582DBC}.Release|Any CPU.Build.0 = Release|Any CPU
		{3F15F18A-D710-4408-B013-7619DC25517E}.Debug|Any CPU.ActiveCfg = Debug|Any CPU
		{3F15F18A-D710-4408-B013-7619DC25517E}.Debug|Any CPU.Build.0 = Debug|Any CPU
		{3F15F18A-D710-4408-B013-7619DC25517E}.Release|Any CPU.ActiveCfg = Release|Any CPU
		{3F15F18A-D710-4408-B013-7619DC25517E}.Release|Any CPU.Build.0 = Release|Any CPU
		{C417668B-D74F-4792-8349-EAA3162C3352}.Debug|Any CPU.ActiveCfg = Debug|Any CPU
		{C417668B-D74F-4792-8349-EAA3162C3352}.Debug|Any CPU.Build.0 = Debug|Any CPU
		{C417668B-D74F-4792-8349-EAA3162C3352}.Release|Any CPU.ActiveCfg = Release|Any CPU
		{C417668B-D74F-4792-8349-EAA3162C3352}.Release|Any CPU.Build.0 = Release|Any CPU
		{2B7AC697-7D1B-4D53-91A2-5D515D5449A1}.Debug|Any CPU.ActiveCfg = Debug|Any CPU
		{2B7AC697-7D1B-4D53-91A2-5D515D5449A1}.Debug|Any CPU.Build.0 = Debug|Any CPU
		{2B7AC697-7D1B-4D53-91A2-5D515D5449A1}.Release|Any CPU.ActiveCfg = Release|Any CPU
		{2B7AC697-7D1B-4D53-91A2-5D515D5449A1}.Release|Any CPU.Build.0 = Release|Any CPU
		{324FB2BE-89FD-4218-BA2C-E8250EE529A5}.Debug|Any CPU.ActiveCfg = Debug|Any CPU
		{324FB2BE-89FD-4218-BA2C-E8250EE529A5}.Debug|Any CPU.Build.0 = Debug|Any CPU
		{324FB2BE-89FD-4218-BA2C-E8250EE529A5}.Release|Any CPU.ActiveCfg = Release|Any CPU
		{324FB2BE-89FD-4218-BA2C-E8250EE529A5}.Release|Any CPU.Build.0 = Release|Any CPU
		{078A8F15-B7C3-4DD0-8718-B633B8A87E30}.Debug|Any CPU.ActiveCfg = Debug|Any CPU
		{078A8F15-B7C3-4DD0-8718-B633B8A87E30}.Debug|Any CPU.Build.0 = Debug|Any CPU
		{078A8F15-B7C3-4DD0-8718-B633B8A87E30}.Release|Any CPU.ActiveCfg = Release|Any CPU
		{078A8F15-B7C3-4DD0-8718-B633B8A87E30}.Release|Any CPU.Build.0 = Release|Any CPU
		{506130AE-9BB8-4CDE-8591-6734499366AA}.Debug|Any CPU.ActiveCfg = Debug|Any CPU
		{506130AE-9BB8-4CDE-8591-6734499366AA}.Debug|Any CPU.Build.0 = Debug|Any CPU
		{506130AE-9BB8-4CDE-8591-6734499366AA}.Release|Any CPU.ActiveCfg = Release|Any CPU
		{506130AE-9BB8-4CDE-8591-6734499366AA}.Release|Any CPU.Build.0 = Release|Any CPU
		{162ACA3B-ACFE-4627-908F-FBBF153AEB83}.Debug|Any CPU.ActiveCfg = Debug|Any CPU
		{162ACA3B-ACFE-4627-908F-FBBF153AEB83}.Debug|Any CPU.Build.0 = Debug|Any CPU
		{162ACA3B-ACFE-4627-908F-FBBF153AEB83}.Release|Any CPU.ActiveCfg = Release|Any CPU
		{162ACA3B-ACFE-4627-908F-FBBF153AEB83}.Release|Any CPU.Build.0 = Release|Any CPU
		{1225AEA1-38BE-4B4E-9667-2B3AAEC37C51}.Debug|Any CPU.ActiveCfg = Debug|Any CPU
		{1225AEA1-38BE-4B4E-9667-2B3AAEC37C51}.Debug|Any CPU.Build.0 = Debug|Any CPU
		{1225AEA1-38BE-4B4E-9667-2B3AAEC37C51}.Release|Any CPU.ActiveCfg = Release|Any CPU
		{1225AEA1-38BE-4B4E-9667-2B3AAEC37C51}.Release|Any CPU.Build.0 = Release|Any CPU
		{7621029F-8D18-4767-9DE3-30C6C94B26B7}.Debug|Any CPU.ActiveCfg = Debug|Any CPU
		{7621029F-8D18-4767-9DE3-30C6C94B26B7}.Debug|Any CPU.Build.0 = Debug|Any CPU
		{7621029F-8D18-4767-9DE3-30C6C94B26B7}.Release|Any CPU.ActiveCfg = Release|Any CPU
		{7621029F-8D18-4767-9DE3-30C6C94B26B7}.Release|Any CPU.Build.0 = Release|Any CPU
		{12CF79C8-8691-4D0B-91ED-BBDA6C2A9475}.Debug|Any CPU.ActiveCfg = Debug|Any CPU
		{12CF79C8-8691-4D0B-91ED-BBDA6C2A9475}.Debug|Any CPU.Build.0 = Debug|Any CPU
		{12CF79C8-8691-4D0B-91ED-BBDA6C2A9475}.Release|Any CPU.ActiveCfg = Release|Any CPU
		{12CF79C8-8691-4D0B-91ED-BBDA6C2A9475}.Release|Any CPU.Build.0 = Release|Any CPU
		{7C066280-672D-4870-A42E-63795586F215}.Debug|Any CPU.ActiveCfg = Debug|Any CPU
		{7C066280-672D-4870-A42E-63795586F215}.Debug|Any CPU.Build.0 = Debug|Any CPU
		{7C066280-672D-4870-A42E-63795586F215}.Release|Any CPU.ActiveCfg = Release|Any CPU
		{7C066280-672D-4870-A42E-63795586F215}.Release|Any CPU.Build.0 = Release|Any CPU
	EndGlobalSection
	GlobalSection(SolutionProperties) = preSolution
		HideSolutionNode = FALSE
	EndGlobalSection
EndGlobal
