
Microsoft Visual Studio Solution File, Format Version 12.00
# Visual Studio 2013
VisualStudioVersion = 12.0.21005.1
MinimumVisualStudioVersion = 10.0.40219.1
Project("{FAE04EC0-301F-11D3-BF4B-00C04F79EFBC}") = "01. Human, Student and Worker", "01. Human, Student and Worker\01. Human, Student and Worker.csproj", "{47A54EE7-A3DD-4EE7-9597-904C750BB21E}"
EndProject
Project("{FAE04EC0-301F-11D3-BF4B-00C04F79EFBC}") = "02. Animals", "02. Animals\02. Animals.csproj", "{776A7852-03B7-463E-915E-916DCD1B4780}"
EndProject
Project("{FAE04EC0-301F-11D3-BF4B-00C04F79EFBC}") = "03. Company Hierarchy", "03. Company Hierarchy\03. Company Hierarchy.csproj", "{1C7E73B6-D8DF-44AA-8947-634063FD3708}"
EndProject
Global
	GlobalSection(SolutionConfigurationPlatforms) = preSolution
		Debug|Any CPU = Debug|Any CPU
		Release|Any CPU = Release|Any CPU
	EndGlobalSection
	GlobalSection(ProjectConfigurationPlatforms) = postSolution
		{47A54EE7-A3DD-4EE7-9597-904C750BB21E}.Debug|Any CPU.ActiveCfg = Debug|Any CPU
		{47A54EE7-A3DD-4EE7-9597-904C750BB21E}.Debug|Any CPU.Build.0 = Debug|Any CPU
		{47A54EE7-A3DD-4EE7-9597-904C750BB21E}.Release|Any CPU.ActiveCfg = Release|Any CPU
		{47A54EE7-A3DD-4EE7-9597-904C750BB21E}.Release|Any CPU.Build.0 = Release|Any CPU
		{776A7852-03B7-463E-915E-916DCD1B4780}.Debug|Any CPU.ActiveCfg = Debug|Any CPU
		{776A7852-03B7-463E-915E-916DCD1B4780}.Debug|Any CPU.Build.0 = Debug|Any CPU
		{776A7852-03B7-463E-915E-916DCD1B4780}.Release|Any CPU.ActiveCfg = Release|Any CPU
		{776A7852-03B7-463E-915E-916DCD1B4780}.Release|Any CPU.Build.0 = Release|Any CPU
		{1C7E73B6-D8DF-44AA-8947-634063FD3708}.Debug|Any CPU.ActiveCfg = Debug|Any CPU
		{1C7E73B6-D8DF-44AA-8947-634063FD3708}.Debug|Any CPU.Build.0 = Debug|Any CPU
		{1C7E73B6-D8DF-44AA-8947-634063FD3708}.Release|Any CPU.ActiveCfg = Release|Any CPU
		{1C7E73B6-D8DF-44AA-8947-634063FD3708}.Release|Any CPU.Build.0 = Release|Any CPU
	EndGlobalSection
	GlobalSection(SolutionProperties) = preSolution
		HideSolutionNode = FALSE
	EndGlobalSection
EndGlobal
