
Microsoft Visual Studio Solution File, Format Version 12.00
# Visual Studio 2013
VisualStudioVersion = 12.0.21005.1
MinimumVisualStudioVersion = 10.0.40219.1
Project("{FAE04EC0-301F-11D3-BF4B-00C04F79EFBC}") = "01. Persons", "01. Persons\01. Persons.csproj", "{86DCFAAE-8C5F-4761-843F-3CEA17D5CC54}"
EndProject
Project("{FAE04EC0-301F-11D3-BF4B-00C04F79EFBC}") = "02. Laptop Shop", "02. Laptop Shop\02. Laptop Shop.csproj", "{3F29CA4A-5101-4148-BAE9-234280EAA5DF}"
EndProject
Project("{FAE04EC0-301F-11D3-BF4B-00C04F79EFBC}") = "03. PC Catalog", "03. PC Catalog\03. PC Catalog.csproj", "{6F18A9A6-95E9-4CCB-A455-0153861A2368}"
EndProject
Project("{FAE04EC0-301F-11D3-BF4B-00C04F79EFBC}") = "04. Software University Learning System", "04. Software University Learning System\04. Software University Learning System.csproj", "{44A23895-35CC-44F9-9D5B-A47B994D3EDF}"
EndProject
Global
	GlobalSection(SolutionConfigurationPlatforms) = preSolution
		Debug|Any CPU = Debug|Any CPU
		Release|Any CPU = Release|Any CPU
	EndGlobalSection
	GlobalSection(ProjectConfigurationPlatforms) = postSolution
		{86DCFAAE-8C5F-4761-843F-3CEA17D5CC54}.Debug|Any CPU.ActiveCfg = Debug|Any CPU
		{86DCFAAE-8C5F-4761-843F-3CEA17D5CC54}.Debug|Any CPU.Build.0 = Debug|Any CPU
		{86DCFAAE-8C5F-4761-843F-3CEA17D5CC54}.Release|Any CPU.ActiveCfg = Release|Any CPU
		{86DCFAAE-8C5F-4761-843F-3CEA17D5CC54}.Release|Any CPU.Build.0 = Release|Any CPU
		{3F29CA4A-5101-4148-BAE9-234280EAA5DF}.Debug|Any CPU.ActiveCfg = Debug|Any CPU
		{3F29CA4A-5101-4148-BAE9-234280EAA5DF}.Debug|Any CPU.Build.0 = Debug|Any CPU
		{3F29CA4A-5101-4148-BAE9-234280EAA5DF}.Release|Any CPU.ActiveCfg = Release|Any CPU
		{3F29CA4A-5101-4148-BAE9-234280EAA5DF}.Release|Any CPU.Build.0 = Release|Any CPU
		{6F18A9A6-95E9-4CCB-A455-0153861A2368}.Debug|Any CPU.ActiveCfg = Debug|Any CPU
		{6F18A9A6-95E9-4CCB-A455-0153861A2368}.Debug|Any CPU.Build.0 = Debug|Any CPU
		{6F18A9A6-95E9-4CCB-A455-0153861A2368}.Release|Any CPU.ActiveCfg = Release|Any CPU
		{6F18A9A6-95E9-4CCB-A455-0153861A2368}.Release|Any CPU.Build.0 = Release|Any CPU
		{44A23895-35CC-44F9-9D5B-A47B994D3EDF}.Debug|Any CPU.ActiveCfg = Debug|Any CPU
		{44A23895-35CC-44F9-9D5B-A47B994D3EDF}.Debug|Any CPU.Build.0 = Debug|Any CPU
		{44A23895-35CC-44F9-9D5B-A47B994D3EDF}.Release|Any CPU.ActiveCfg = Release|Any CPU
		{44A23895-35CC-44F9-9D5B-A47B994D3EDF}.Release|Any CPU.Build.0 = Release|Any CPU
	EndGlobalSection
	GlobalSection(SolutionProperties) = preSolution
		HideSolutionNode = FALSE
	EndGlobalSection
EndGlobal
