
Microsoft Visual Studio Solution File, Format Version 12.00
# Visual Studio 2013
VisualStudioVersion = 12.0.21005.1
MinimumVisualStudioVersion = 10.0.40219.1
Project("{FAE04EC0-301F-11D3-BF4B-00C04F79EFBC}") = "01. Galactic GPS", "ConsoleApplication1\01. Galactic GPS.csproj", "{B0B19FEF-CDDD-41DD-9C53-8218382ECD9E}"
EndProject
Project("{FAE04EC0-301F-11D3-BF4B-00C04F79EFBC}") = "02. Fraction Calculator", "02. Fraction Calculator\02. Fraction Calculator.csproj", "{98A54E3C-A4C7-48A4-823D-223C1C51D238}"
EndProject
Project("{FAE04EC0-301F-11D3-BF4B-00C04F79EFBC}") = "03. Generic List", "03. Generic List\03. Generic List.csproj", "{591B992B-5CD6-4208-BE93-934A691FED5C}"
EndProject
Project("{FAE04EC0-301F-11D3-BF4B-00C04F79EFBC}") = "04. Generic List Version", "04. Generic List Version\04. Generic List Version.csproj", "{010C6DBC-D376-4B12-8AE5-C937742A1BA3}"
EndProject
Project("{FAE04EC0-301F-11D3-BF4B-00C04F79EFBC}") = "05.  Word Document Generator", "05.  Word Document Generator\05.  Word Document Generator.csproj", "{BC8ED100-2972-41BE-A30C-BEFFA668E281}"
EndProject
Global
	GlobalSection(SolutionConfigurationPlatforms) = preSolution
		Debug|Any CPU = Debug|Any CPU
		Release|Any CPU = Release|Any CPU
	EndGlobalSection
	GlobalSection(ProjectConfigurationPlatforms) = postSolution
		{B0B19FEF-CDDD-41DD-9C53-8218382ECD9E}.Debug|Any CPU.ActiveCfg = Debug|Any CPU
		{B0B19FEF-CDDD-41DD-9C53-8218382ECD9E}.Debug|Any CPU.Build.0 = Debug|Any CPU
		{B0B19FEF-CDDD-41DD-9C53-8218382ECD9E}.Release|Any CPU.ActiveCfg = Release|Any CPU
		{B0B19FEF-CDDD-41DD-9C53-8218382ECD9E}.Release|Any CPU.Build.0 = Release|Any CPU
		{98A54E3C-A4C7-48A4-823D-223C1C51D238}.Debug|Any CPU.ActiveCfg = Debug|Any CPU
		{98A54E3C-A4C7-48A4-823D-223C1C51D238}.Debug|Any CPU.Build.0 = Debug|Any CPU
		{98A54E3C-A4C7-48A4-823D-223C1C51D238}.Release|Any CPU.ActiveCfg = Release|Any CPU
		{98A54E3C-A4C7-48A4-823D-223C1C51D238}.Release|Any CPU.Build.0 = Release|Any CPU
		{591B992B-5CD6-4208-BE93-934A691FED5C}.Debug|Any CPU.ActiveCfg = Debug|Any CPU
		{591B992B-5CD6-4208-BE93-934A691FED5C}.Debug|Any CPU.Build.0 = Debug|Any CPU
		{591B992B-5CD6-4208-BE93-934A691FED5C}.Release|Any CPU.ActiveCfg = Release|Any CPU
		{591B992B-5CD6-4208-BE93-934A691FED5C}.Release|Any CPU.Build.0 = Release|Any CPU
		{010C6DBC-D376-4B12-8AE5-C937742A1BA3}.Debug|Any CPU.ActiveCfg = Debug|Any CPU
		{010C6DBC-D376-4B12-8AE5-C937742A1BA3}.Debug|Any CPU.Build.0 = Debug|Any CPU
		{010C6DBC-D376-4B12-8AE5-C937742A1BA3}.Release|Any CPU.ActiveCfg = Release|Any CPU
		{010C6DBC-D376-4B12-8AE5-C937742A1BA3}.Release|Any CPU.Build.0 = Release|Any CPU
		{BC8ED100-2972-41BE-A30C-BEFFA668E281}.Debug|Any CPU.ActiveCfg = Debug|Any CPU
		{BC8ED100-2972-41BE-A30C-BEFFA668E281}.Debug|Any CPU.Build.0 = Debug|Any CPU
		{BC8ED100-2972-41BE-A30C-BEFFA668E281}.Release|Any CPU.ActiveCfg = Release|Any CPU
		{BC8ED100-2972-41BE-A30C-BEFFA668E281}.Release|Any CPU.Build.0 = Release|Any CPU
	EndGlobalSection
	GlobalSection(SolutionProperties) = preSolution
		HideSolutionNode = FALSE
	EndGlobalSection
EndGlobal
